PODS:
  - BEEPopupKit (1.0.1):
    - QuickLayout
  - BEETableKit (1.0.0)
  - QuickLayout (3.0.0)

DEPENDENCIES:
  - BEEPopupKit (from `../`)
  - BEETableKit

SPEC REPOS:
  trunk:
    - BEETableKit
    - QuickLayout

EXTERNAL SOURCES:
  BEEPopupKit:
    :path: "../"

SPEC CHECKSUMS:
  BEEPopupKit: 6b61c1c7bd443d1adc7c5e57c4bf02fd6c37cb89
  BEETableKit: bc5127fff06769d0833162973bd6011fc994309c
  QuickLayout: 07b45a72b10083fee3f095990cfed1c1e7b27f0a

PODFILE CHECKSUM: 8459401289710a95587d86aefbe00a17e430f202

COCOAPODS: 1.9.1
