PODS:
  - BEEPopupKit (1.0.0):
    - QuickLayout
  - QuickLayout (3.0.0)

DEPENDENCIES:
  - BEEPopupKit (from `../`)

SPEC REPOS:
  trunk:
    - QuickLayout

EXTERNAL SOURCES:
  BEEPopupKit:
    :path: "../"

SPEC CHECKSUMS:
  BEEPopupKit: 804a66d34e1922b2f4a4575bbcf6165e9b9ecae2
  QuickLayout: 07b45a72b10083fee3f095990cfed1c1e7b27f0a

PODFILE CHECKSUM: bbb2a1987c4601aaf36655c980665ecdb88f6cff

COCOAPODS: 1.9.1
